// !$*UTF8*$!
{
	archiveVersion = 1;
	classes = {
	};
	objectVersion = 56;
	objects = {

/* Begin PBXBuildFile section */
		A5499E812ACFC39500E45077 /* TitleCollectionViewCell.swift in Sources */ = {isa = PBXBuildFile; fileRef = A5499E802ACFC39500E45077 /* TitleCollectionViewCell.swift */; };
		A5499E842ACFC46300E45077 /* SDWebImage in Frameworks */ = {isa = PBXBuildFile; productRef = A5499E832ACFC46300E45077 /* SDWebImage */; };
		A5499E862ACFC46300E45077 /* SDWebImageMapKit in Frameworks */ = {isa = PBXBuildFile; productRef = A5499E852ACFC46300E45077 /* SDWebImageMapKit */; };
		A5499E882AD0743800E45077 /* TitleTableViewCell.swift in Sources */ = {isa = PBXBuildFile; fileRef = A5499E872AD0743800E45077 /* TitleTableViewCell.swift */; };
		A5499E8A2AD0763C00E45077 /* TitleViewModel.swift in Sources */ = {isa = PBXBuildFile; fileRef = A5499E892AD0763C00E45077 /* TitleViewModel.swift */; };
		A5DF484F2ACD290200CD3AE1 /* AppDelegate.swift in Sources */ = {isa = PBXBuildFile; fileRef = A5DF484E2ACD290200CD3AE1 /* AppDelegate.swift */; };
		A5DF48512ACD290200CD3AE1 /* SceneDelegate.swift in Sources */ = {isa = PBXBuildFile; fileRef = A5DF48502ACD290200CD3AE1 /* SceneDelegate.swift */; };
		A5DF48532ACD290200CD3AE1 /* MainTabBarViewController.swift in Sources */ = {isa = PBXBuildFile; fileRef = A5DF48522ACD290200CD3AE1 /* MainTabBarViewController.swift */; };
		A5DF48582ACD290300CD3AE1 /* Assets.xcassets in Resources */ = {isa = PBXBuildFile; fileRef = A5DF48572ACD290300CD3AE1 /* Assets.xcassets */; };
		A5DF485B2ACD290300CD3AE1 /* LaunchScreen.storyboard in Resources */ = {isa = PBXBuildFile; fileRef = A5DF48592ACD290300CD3AE1 /* LaunchScreen.storyboard */; };
		A5DF48642ACD2A9000CD3AE1 /* HomeViewController.swift in Sources */ = {isa = PBXBuildFile; fileRef = A5DF48632ACD2A9000CD3AE1 /* HomeViewController.swift */; };
		A5DF48662ACD2AB200CD3AE1 /* UpcomingViewController.swift in Sources */ = {isa = PBXBuildFile; fileRef = A5DF48652ACD2AB200CD3AE1 /* UpcomingViewController.swift */; };
		A5DF48682ACD2AD100CD3AE1 /* SearchViewController.swift in Sources */ = {isa = PBXBuildFile; fileRef = A5DF48672ACD2AD100CD3AE1 /* SearchViewController.swift */; };
		A5DF486A2ACD2AEE00CD3AE1 /* DownloadsViewController.swift in Sources */ = {isa = PBXBuildFile; fileRef = A5DF48692ACD2AEE00CD3AE1 /* DownloadsViewController.swift */; };
		A5DF48712ACD3D7100CD3AE1 /* CollectionViewTableViewCell.swift in Sources */ = {isa = PBXBuildFile; fileRef = A5DF48702ACD3D7100CD3AE1 /* CollectionViewTableViewCell.swift */; };
		A5DF48732ACDC2AE00CD3AE1 /* HeroHeaderUIView.swift in Sources */ = {isa = PBXBuildFile; fileRef = A5DF48722ACDC2AE00CD3AE1 /* HeroHeaderUIView.swift */; };
		A5DF48752ACE899900CD3AE1 /* APICaller.swift in Sources */ = {isa = PBXBuildFile; fileRef = A5DF48742ACE899900CD3AE1 /* APICaller.swift */; };
		A5DF48772ACE8CF400CD3AE1 /* Title.swift in Sources */ = {isa = PBXBuildFile; fileRef = A5DF48762ACE8CF300CD3AE1 /* Title.swift */; };
		A5DF48792ACF2E5500CD3AE1 /* Extensions.swift in Sources */ = {isa = PBXBuildFile; fileRef = A5DF48782ACF2E5500CD3AE1 /* Extensions.swift */; };
/* End PBXBuildFile section */

/* Begin PBXFileReference section */
		A5499E802ACFC39500E45077 /* TitleCollectionViewCell.swift */ = {isa = PBXFileReference; lastKnownFileType = sourcecode.swift; path = TitleCollectionViewCell.swift; sourceTree = "<group>"; };
		A5499E872AD0743800E45077 /* TitleTableViewCell.swift */ = {isa = PBXFileReference; lastKnownFileType = sourcecode.swift; path = TitleTableViewCell.swift; sourceTree = "<group>"; };
		A5499E892AD0763C00E45077 /* TitleViewModel.swift */ = {isa = PBXFileReference; lastKnownFileType = sourcecode.swift; name = TitleViewModel.swift; path = Clone1/Views/TitleViewModel.swift; sourceTree = SOURCE_ROOT; };
		A5DF484B2ACD290200CD3AE1 /* Clone1.app */ = {isa = PBXFileReference; explicitFileType = wrapper.application; includeInIndex = 0; path = Clone1.app; sourceTree = BUILT_PRODUCTS_DIR; };
		A5DF484E2ACD290200CD3AE1 /* AppDelegate.swift */ = {isa = PBXFileReference; lastKnownFileType = sourcecode.swift; path = AppDelegate.swift; sourceTree = "<group>"; };
		A5DF48502ACD290200CD3AE1 /* SceneDelegate.swift */ = {isa = PBXFileReference; lastKnownFileType = sourcecode.swift; path = SceneDelegate.swift; sourceTree = "<group>"; };
		A5DF48522ACD290200CD3AE1 /* MainTabBarViewController.swift */ = {isa = PBXFileReference; lastKnownFileType = sourcecode.swift; path = MainTabBarViewController.swift; sourceTree = "<group>"; };
		A5DF48572ACD290300CD3AE1 /* Assets.xcassets */ = {isa = PBXFileReference; lastKnownFileType = folder.assetcatalog; path = Assets.xcassets; sourceTree = "<group>"; };
		A5DF485A2ACD290300CD3AE1 /* Base */ = {isa = PBXFileReference; lastKnownFileType = file.storyboard; name = Base; path = Base.lproj/LaunchScreen.storyboard; sourceTree = "<group>"; };
		A5DF485C2ACD290300CD3AE1 /* Info.plist */ = {isa = PBXFileReference; lastKnownFileType = text.plist.xml; path = Info.plist; sourceTree = "<group>"; };
		A5DF48632ACD2A9000CD3AE1 /* HomeViewController.swift */ = {isa = PBXFileReference; lastKnownFileType = sourcecode.swift; path = HomeViewController.swift; sourceTree = "<group>"; };
		A5DF48652ACD2AB200CD3AE1 /* UpcomingViewController.swift */ = {isa = PBXFileReference; lastKnownFileType = sourcecode.swift; path = UpcomingViewController.swift; sourceTree = "<group>"; };
		A5DF48672ACD2AD100CD3AE1 /* SearchViewController.swift */ = {isa = PBXFileReference; lastKnownFileType = sourcecode.swift; path = SearchViewController.swift; sourceTree = "<group>"; };
		A5DF48692ACD2AEE00CD3AE1 /* DownloadsViewController.swift */ = {isa = PBXFileReference; lastKnownFileType = sourcecode.swift; path = DownloadsViewController.swift; sourceTree = "<group>"; };
		A5DF48702ACD3D7100CD3AE1 /* CollectionViewTableViewCell.swift */ = {isa = PBXFileReference; lastKnownFileType = sourcecode.swift; path = CollectionViewTableViewCell.swift; sourceTree = "<group>"; };
		A5DF48722ACDC2AE00CD3AE1 /* HeroHeaderUIView.swift */ = {isa = PBXFileReference; lastKnownFileType = sourcecode.swift; path = HeroHeaderUIView.swift; sourceTree = "<group>"; };
		A5DF48742ACE899900CD3AE1 /* APICaller.swift */ = {isa = PBXFileReference; lastKnownFileType = sourcecode.swift; name = APICaller.swift; path = Clone1/Views/APICaller.swift; sourceTree = SOURCE_ROOT; };
		A5DF48762ACE8CF300CD3AE1 /* Title.swift */ = {isa = PBXFileReference; lastKnownFileType = sourcecode.swift; name = Title.swift; path = Clone1/Views/Title.swift; sourceTree = SOURCE_ROOT; };
		A5DF48782ACF2E5500CD3AE1 /* Extensions.swift */ = {isa = PBXFileReference; lastKnownFileType = sourcecode.swift; name = Extensions.swift; path = Clone1/Views/Extensions.swift; sourceTree = SOURCE_ROOT; };
/* End PBXFileReference section */

/* Begin PBXFrameworksBuildPhase section */
		A5DF48482ACD290200CD3AE1 /* Frameworks */ = {
			isa = PBXFrameworksBuildPhase;
			buildActionMask = 2147483647;
			files = (
				A5499E862ACFC46300E45077 /* SDWebImageMapKit in Frameworks */,
				A5499E842ACFC46300E45077 /* SDWebImage in Frameworks */,
			);
			runOnlyForDeploymentPostprocessing = 0;
		};
/* End PBXFrameworksBuildPhase section */

/* Begin PBXGroup section */
		A5DF48422ACD290200CD3AE1 = {
			isa = PBXGroup;
			children = (
				A5DF484D2ACD290200CD3AE1 /* Clone1 */,
				A5DF484C2ACD290200CD3AE1 /* Products */,
			);
			sourceTree = "<group>";
		};
		A5DF484C2ACD290200CD3AE1 /* Products */ = {
			isa = PBXGroup;
			children = (
				A5DF484B2ACD290200CD3AE1 /* Clone1.app */,
			);
			name = Products;
			sourceTree = "<group>";
		};
		A5DF484D2ACD290200CD3AE1 /* Clone1 */ = {
			isa = PBXGroup;
			children = (
				A5DF486F2ACD3D3D00CD3AE1 /* Managers */,
				A5DF486E2ACD3D3300CD3AE1 /* Resources */,
				A5DF486D2ACD3D1300CD3AE1 /* Models */,
				A5DF486B2ACD3D0700CD3AE1 /* Views */,
				A5DF486C2ACD3D0C00CD3AE1 /* ViewModels */,
				A5DF48622ACD2A7A00CD3AE1 /* Controllers */,
				A5DF484E2ACD290200CD3AE1 /* AppDelegate.swift */,
				A5DF48502ACD290200CD3AE1 /* SceneDelegate.swift */,
				A5DF48522ACD290200CD3AE1 /* MainTabBarViewController.swift */,
				A5DF48572ACD290300CD3AE1 /* Assets.xcassets */,
				A5DF48592ACD290300CD3AE1 /* LaunchScreen.storyboard */,
				A5DF485C2ACD290300CD3AE1 /* Info.plist */,
			);
			path = Clone1;
			sourceTree = "<group>";
		};
		A5DF48622ACD2A7A00CD3AE1 /* Controllers */ = {
			isa = PBXGroup;
			children = (
				A5DF48632ACD2A9000CD3AE1 /* HomeViewController.swift */,
				A5DF48652ACD2AB200CD3AE1 /* UpcomingViewController.swift */,
				A5DF48672ACD2AD100CD3AE1 /* SearchViewController.swift */,
				A5DF48692ACD2AEE00CD3AE1 /* DownloadsViewController.swift */,
			);
			path = Controllers;
			sourceTree = "<group>";
		};
		A5DF486B2ACD3D0700CD3AE1 /* Views */ = {
			isa = PBXGroup;
			children = (
				A5DF48722ACDC2AE00CD3AE1 /* HeroHeaderUIView.swift */,
				A5DF48702ACD3D7100CD3AE1 /* CollectionViewTableViewCell.swift */,
				A5499E802ACFC39500E45077 /* TitleCollectionViewCell.swift */,
				A5499E872AD0743800E45077 /* TitleTableViewCell.swift */,
			);
			path = Views;
			sourceTree = "<group>";
		};
		A5DF486C2ACD3D0C00CD3AE1 /* ViewModels */ = {
			isa = PBXGroup;
			children = (
				A5499E892AD0763C00E45077 /* TitleViewModel.swift */,
			);
			path = ViewModels;
			sourceTree = "<group>";
		};
		A5DF486D2ACD3D1300CD3AE1 /* Models */ = {
			isa = PBXGroup;
			children = (
				A5DF48762ACE8CF300CD3AE1 /* Title.swift */,
			);
			path = Models;
			sourceTree = "<group>";
		};
		A5DF486E2ACD3D3300CD3AE1 /* Resources */ = {
			isa = PBXGroup;
			children = (
				A5DF48782ACF2E5500CD3AE1 /* Extensions.swift */,
			);
			path = Resources;
			sourceTree = "<group>";
		};
		A5DF486F2ACD3D3D00CD3AE1 /* Managers */ = {
			isa = PBXGroup;
			children = (
				A5DF48742ACE899900CD3AE1 /* APICaller.swift */,
			);
			path = Managers;
			sourceTree = "<group>";
		};
/* End PBXGroup section */

/* Begin PBXNativeTarget section */
		A5DF484A2ACD290200CD3AE1 /* Clone1 */ = {
			isa = PBXNativeTarget;
			buildConfigurationList = A5DF485F2ACD290300CD3AE1 /* Build configuration list for PBXNativeTarget "Clone1" */;
			buildPhases = (
				A5DF48472ACD290200CD3AE1 /* Sources */,
				A5DF48482ACD290200CD3AE1 /* Frameworks */,
				A5DF48492ACD290200CD3AE1 /* Resources */,
			);
			buildRules = (
			);
			dependencies = (
			);
			name = Clone1;
			packageProductDependencies = (
				A5499E832ACFC46300E45077 /* SDWebImage */,
				A5499E852ACFC46300E45077 /* SDWebImageMapKit */,
			);
			productName = Clone1;
			productReference = A5DF484B2ACD290200CD3AE1 /* Clone1.app */;
			productType = "com.apple.product-type.application";
		};
/* End PBXNativeTarget section */

/* Begin PBXProject section */
		A5DF48432ACD290200CD3AE1 /* Project object */ = {
			isa = PBXProject;
			attributes = {
				BuildIndependentTargetsInParallel = 1;
				LastSwiftUpdateCheck = 1500;
				LastUpgradeCheck = 1500;
				TargetAttributes = {
					A5DF484A2ACD290200CD3AE1 = {
						CreatedOnToolsVersion = 15.0;
					};
				};
			};
			buildConfigurationList = A5DF48462ACD290200CD3AE1 /* Build configuration list for PBXProject "Clone1" */;
			compatibilityVersion = "Xcode 14.0";
			developmentRegion = en;
			hasScannedForEncodings = 0;
			knownRegions = (
				en,
				Base,
			);
			mainGroup = A5DF48422ACD290200CD3AE1;
			packageReferences = (
				A5499E822ACFC46300E45077 /* XCRemoteSwiftPackageReference "SDWebImage" */,
			);
			productRefGroup = A5DF484C2ACD290200CD3AE1 /* Products */;
			projectDirPath = "";
			projectRoot = "";
			targets = (
				A5DF484A2ACD290200CD3AE1 /* Clone1 */,
			);
		};
/* End PBXProject section */

/* Begin PBXResourcesBuildPhase section */
		A5DF48492ACD290200CD3AE1 /* Resources */ = {
			isa = PBXResourcesBuildPhase;
			buildActionMask = 2147483647;
			files = (
				A5DF485B2ACD290300CD3AE1 /* LaunchScreen.storyboard in Resources */,
				A5DF48582ACD290300CD3AE1 /* Assets.xcassets in Resources */,
			);
			runOnlyForDeploymentPostprocessing = 0;
		};
/* End PBXResourcesBuildPhase section */

/* Begin PBXSourcesBuildPhase section */
		A5DF48472ACD290200CD3AE1 /* Sources */ = {
			isa = PBXSourcesBuildPhase;
			buildActionMask = 2147483647;
			files = (
				A5499E882AD0743800E45077 /* TitleTableViewCell.swift in Sources */,
				A5DF48772ACE8CF400CD3AE1 /* Title.swift in Sources */,
				A5499E812ACFC39500E45077 /* TitleCollectionViewCell.swift in Sources */,
				A5DF48682ACD2AD100CD3AE1 /* SearchViewController.swift in Sources */,
				A5DF48532ACD290200CD3AE1 /* MainTabBarViewController.swift in Sources */,
				A5DF48712ACD3D7100CD3AE1 /* CollectionViewTableViewCell.swift in Sources */,
				A5DF48752ACE899900CD3AE1 /* APICaller.swift in Sources */,
				A5DF48732ACDC2AE00CD3AE1 /* HeroHeaderUIView.swift in Sources */,
				A5DF486A2ACD2AEE00CD3AE1 /* DownloadsViewController.swift in Sources */,
				A5DF48792ACF2E5500CD3AE1 /* Extensions.swift in Sources */,
				A5DF484F2ACD290200CD3AE1 /* AppDelegate.swift in Sources */,
				A5DF48512ACD290200CD3AE1 /* SceneDelegate.swift in Sources */,
				A5DF48662ACD2AB200CD3AE1 /* UpcomingViewController.swift in Sources */,
				A5DF48642ACD2A9000CD3AE1 /* HomeViewController.swift in Sources */,
				A5499E8A2AD0763C00E45077 /* TitleViewModel.swift in Sources */,
			);
			runOnlyForDeploymentPostprocessing = 0;
		};
/* End PBXSourcesBuildPhase section */

/* Begin PBXVariantGroup section */
		A5DF48592ACD290300CD3AE1 /* LaunchScreen.storyboard */ = {
			isa = PBXVariantGroup;
			children = (
				A5DF485A2ACD290300CD3AE1 /* Base */,
			);
			name = LaunchScreen.storyboard;
			sourceTree = "<group>";
		};
/* End PBXVariantGroup section */

/* Begin XCBuildConfiguration section */
		A5DF485D2ACD290300CD3AE1 /* Debug */ = {
			isa = XCBuildConfiguration;
			buildSettings = {
				ALWAYS_SEARCH_USER_PATHS = NO;
				ASSETCATALOG_COMPILER_GENERATE_SWIFT_ASSET_SYMBOL_EXTENSIONS = YES;
				CLANG_ANALYZER_NONNULL = YES;
				CLANG_ANALYZER_NUMBER_OBJECT_CONVERSION = YES_AGGRESSIVE;
				CLANG_CXX_LANGUAGE_STANDARD = "gnu++20";
				CLANG_ENABLE_MODULES = YES;
				CLANG_ENABLE_OBJC_ARC = YES;
				CLANG_ENABLE_OBJC_WEAK = YES;
				CLANG_WARN_BLOCK_CAPTURE_AUTORELEASING = YES;
				CLANG_WARN_BOOL_CONVERSION = YES;
				CLANG_WARN_COMMA = YES;
				CLANG_WARN_CONSTANT_CONVERSION = YES;
				CLANG_WARN_DEPRECATED_OBJC_IMPLEMENTATIONS = YES;
				CLANG_WARN_DIRECT_OBJC_ISA_USAGE = YES_ERROR;
				CLANG_WARN_DOCUMENTATION_COMMENTS = YES;
				CLANG_WARN_EMPTY_BODY = YES;
				CLANG_WARN_ENUM_CONVERSION = YES;
				CLANG_WARN_INFINITE_RECURSION = YES;
				CLANG_WARN_INT_CONVERSION = YES;
				CLANG_WARN_NON_LITERAL_NULL_CONVERSION = YES;
				CLANG_WARN_OBJC_IMPLICIT_RETAIN_SELF = YES;
				CLANG_WARN_OBJC_LITERAL_CONVERSION = YES;
				CLANG_WARN_OBJC_ROOT_CLASS = YES_ERROR;
				CLANG_WARN_QUOTED_INCLUDE_IN_FRAMEWORK_HEADER = YES;
				CLANG_WARN_RANGE_LOOP_ANALYSIS = YES;
				CLANG_WARN_STRICT_PROTOTYPES = YES;
				CLANG_WARN_SUSPICIOUS_MOVE = YES;
				CLANG_WARN_UNGUARDED_AVAILABILITY = YES_AGGRESSIVE;
				CLANG_WARN_UNREACHABLE_CODE = YES;
				CLANG_WARN__DUPLICATE_METHOD_MATCH = YES;
				COPY_PHASE_STRIP = NO;
				DEBUG_INFORMATION_FORMAT = dwarf;
				ENABLE_STRICT_OBJC_MSGSEND = YES;
				ENABLE_TESTABILITY = YES;
				ENABLE_USER_SCRIPT_SANDBOXING = YES;
				GCC_C_LANGUAGE_STANDARD = gnu17;
				GCC_DYNAMIC_NO_PIC = NO;
				GCC_NO_COMMON_BLOCKS = YES;
				GCC_OPTIMIZATION_LEVEL = 0;
				GCC_PREPROCESSOR_DEFINITIONS = (
					"DEBUG=1",
					"$(inherited)",
				);
				GCC_WARN_64_TO_32_BIT_CONVERSION = YES;
				GCC_WARN_ABOUT_RETURN_TYPE = YES_ERROR;
				GCC_WARN_UNDECLARED_SELECTOR = YES;
				GCC_WARN_UNINITIALIZED_AUTOS = YES_AGGRESSIVE;
				GCC_WARN_UNUSED_FUNCTION = YES;
				GCC_WARN_UNUSED_VARIABLE = YES;
				IPHONEOS_DEPLOYMENT_TARGET = 17.0;
				LOCALIZATION_PREFERS_STRING_CATALOGS = YES;
				MTL_ENABLE_DEBUG_INFO = INCLUDE_SOURCE;
				MTL_FAST_MATH = YES;
				ONLY_ACTIVE_ARCH = YES;
				SDKROOT = iphoneos;
				SWIFT_ACTIVE_COMPILATION_CONDITIONS = "DEBUG $(inherited)";
				SWIFT_OPTIMIZATION_LEVEL = "-Onone";
			};
			name = Debug;
		};
		A5DF485E2ACD290300CD3AE1 /* Release */ = {
			isa = XCBuildConfiguration;
			buildSettings = {
				ALWAYS_SEARCH_USER_PATHS = NO;
				ASSETCATALOG_COMPILER_GENERATE_SWIFT_ASSET_SYMBOL_EXTENSIONS = YES;
				CLANG_ANALYZER_NONNULL = YES;
				CLANG_ANALYZER_NUMBER_OBJECT_CONVERSION = YES_AGGRESSIVE;
				CLANG_CXX_LANGUAGE_STANDARD = "gnu++20";
				CLANG_ENABLE_MODULES = YES;
				CLANG_ENABLE_OBJC_ARC = YES;
				CLANG_ENABLE_OBJC_WEAK = YES;
				CLANG_WARN_BLOCK_CAPTURE_AUTORELEASING = YES;
				CLANG_WARN_BOOL_CONVERSION = YES;
				CLANG_WARN_COMMA = YES;
				CLANG_WARN_CONSTANT_CONVERSION = YES;
				CLANG_WARN_DEPRECATED_OBJC_IMPLEMENTATIONS = YES;
				CLANG_WARN_DIRECT_OBJC_ISA_USAGE = YES_ERROR;
				CLANG_WARN_DOCUMENTATION_COMMENTS = YES;
				CLANG_WARN_EMPTY_BODY = YES;
				CLANG_WARN_ENUM_CONVERSION = YES;
				CLANG_WARN_INFINITE_RECURSION = YES;
				CLANG_WARN_INT_CONVERSION = YES;
				CLANG_WARN_NON_LITERAL_NULL_CONVERSION = YES;
				CLANG_WARN_OBJC_IMPLICIT_RETAIN_SELF = YES;
				CLANG_WARN_OBJC_LITERAL_CONVERSION = YES;
				CLANG_WARN_OBJC_ROOT_CLASS = YES_ERROR;
				CLANG_WARN_QUOTED_INCLUDE_IN_FRAMEWORK_HEADER = YES;
				CLANG_WARN_RANGE_LOOP_ANALYSIS = YES;
				CLANG_WARN_STRICT_PROTOTYPES = YES;
				CLANG_WARN_SUSPICIOUS_MOVE = YES;
				CLANG_WARN_UNGUARDED_AVAILABILITY = YES_AGGRESSIVE;
				CLANG_WARN_UNREACHABLE_CODE = YES;
				CLANG_WARN__DUPLICATE_METHOD_MATCH = YES;
				COPY_PHASE_STRIP = NO;
				DEBUG_INFORMATION_FORMAT = "dwarf-with-dsym";
				ENABLE_NS_ASSERTIONS = NO;
				ENABLE_STRICT_OBJC_MSGSEND = YES;
				ENABLE_USER_SCRIPT_SANDBOXING = YES;
				GCC_C_LANGUAGE_STANDARD = gnu17;
				GCC_NO_COMMON_BLOCKS = YES;
				GCC_WARN_64_TO_32_BIT_CONVERSION = YES;
				GCC_WARN_ABOUT_RETURN_TYPE = YES_ERROR;
				GCC_WARN_UNDECLARED_SELECTOR = YES;
				GCC_WARN_UNINITIALIZED_AUTOS = YES_AGGRESSIVE;
				GCC_WARN_UNUSED_FUNCTION = YES;
				GCC_WARN_UNUSED_VARIABLE = YES;
				IPHONEOS_DEPLOYMENT_TARGET = 17.0;
				LOCALIZATION_PREFERS_STRING_CATALOGS = YES;
				MTL_ENABLE_DEBUG_INFO = NO;
				MTL_FAST_MATH = YES;
				SDKROOT = iphoneos;
				SWIFT_COMPILATION_MODE = wholemodule;
				VALIDATE_PRODUCT = YES;
			};
			name = Release;
		};
		A5DF48602ACD290300CD3AE1 /* Debug */ = {
			isa = XCBuildConfiguration;
			buildSettings = {
				ASSETCATALOG_COMPILER_APPICON_NAME = AppIcon;
				ASSETCATALOG_COMPILER_GLOBAL_ACCENT_COLOR_NAME = AccentColor;
				CODE_SIGN_STYLE = Automatic;
				CURRENT_PROJECT_VERSION = 1;
				DEVELOPMENT_TEAM = FQRWL84Z3B;
				GENERATE_INFOPLIST_FILE = YES;
				INFOPLIST_FILE = Clone1/Info.plist;
				INFOPLIST_KEY_UIApplicationSupportsIndirectInputEvents = YES;
				INFOPLIST_KEY_UILaunchStoryboardName = LaunchScreen;
				INFOPLIST_KEY_UISupportedInterfaceOrientations_iPad = "UIInterfaceOrientationPortrait UIInterfaceOrientationPortraitUpsideDown UIInterfaceOrientationLandscapeLeft UIInterfaceOrientationLandscapeRight";
				INFOPLIST_KEY_UISupportedInterfaceOrientations_iPhone = "UIInterfaceOrientationPortrait UIInterfaceOrientationLandscapeLeft UIInterfaceOrientationLandscapeRight";
				LD_RUNPATH_SEARCH_PATHS = (
					"$(inherited)",
					"@executable_path/Frameworks",
				);
				MARKETING_VERSION = 1.0;
				PRODUCT_BUNDLE_IDENTIFIER = com.WooBi.Clone1;
				PRODUCT_NAME = "$(TARGET_NAME)";
				SWIFT_EMIT_LOC_STRINGS = YES;
				SWIFT_VERSION = 5.0;
				TARGETED_DEVICE_FAMILY = "1,2";
			};
			name = Debug;
		};
		A5DF48612ACD290300CD3AE1 /* Release */ = {
			isa = XCBuildConfiguration;
			buildSettings = {
				ASSETCATALOG_COMPILER_APPICON_NAME = AppIcon;
				ASSETCATALOG_COMPILER_GLOBAL_ACCENT_COLOR_NAME = AccentColor;
				CODE_SIGN_STYLE = Automatic;
				CURRENT_PROJECT_VERSION = 1;
				DEVELOPMENT_TEAM = FQRWL84Z3B;
				GENERATE_INFOPLIST_FILE = YES;
				INFOPLIST_FILE = Clone1/Info.plist;
				INFOPLIST_KEY_UIApplicationSupportsIndirectInputEvents = YES;
				INFOPLIST_KEY_UILaunchStoryboardName = LaunchScreen;
				INFOPLIST_KEY_UISupportedInterfaceOrientations_iPad = "UIInterfaceOrientationPortrait UIInterfaceOrientationPortraitUpsideDown UIInterfaceOrientationLandscapeLeft UIInterfaceOrientationLandscapeRight";
				INFOPLIST_KEY_UISupportedInterfaceOrientations_iPhone = "UIInterfaceOrientationPortrait UIInterfaceOrientationLandscapeLeft UIInterfaceOrientationLandscapeRight";
				LD_RUNPATH_SEARCH_PATHS = (
					"$(inherited)",
					"@executable_path/Frameworks",
				);
				MARKETING_VERSION = 1.0;
				PRODUCT_BUNDLE_IDENTIFIER = com.WooBi.Clone1;
				PRODUCT_NAME = "$(TARGET_NAME)";
				SWIFT_EMIT_LOC_STRINGS = YES;
				SWIFT_VERSION = 5.0;
				TARGETED_DEVICE_FAMILY = "1,2";
			};
			name = Release;
		};
/* End XCBuildConfiguration section */

/* Begin XCConfigurationList section */
		A5DF48462ACD290200CD3AE1 /* Build configuration list for PBXProject "Clone1" */ = {
			isa = XCConfigurationList;
			buildConfigurations = (
				A5DF485D2ACD290300CD3AE1 /* Debug */,
				A5DF485E2ACD290300CD3AE1 /* Release */,
			);
			defaultConfigurationIsVisible = 0;
			defaultConfigurationName = Release;
		};
		A5DF485F2ACD290300CD3AE1 /* Build configuration list for PBXNativeTarget "Clone1" */ = {
			isa = XCConfigurationList;
			buildConfigurations = (
				A5DF48602ACD290300CD3AE1 /* Debug */,
				A5DF48612ACD290300CD3AE1 /* Release */,
			);
			defaultConfigurationIsVisible = 0;
			defaultConfigurationName = Release;
		};
/* End XCConfigurationList section */

/* Begin XCRemoteSwiftPackageReference section */
		A5499E822ACFC46300E45077 /* XCRemoteSwiftPackageReference "SDWebImage" */ = {
			isa = XCRemoteSwiftPackageReference;
			repositoryURL = "https://github.com/SDWebImage/SDWebImage.git";
			requirement = {
				kind = upToNextMajorVersion;
				minimumVersion = 5.18.2;
			};
		};
/* End XCRemoteSwiftPackageReference section */

/* Begin XCSwiftPackageProductDependency section */
		A5499E832ACFC46300E45077 /* SDWebImage */ = {
			isa = XCSwiftPackageProductDependency;
			package = A5499E822ACFC46300E45077 /* XCRemoteSwiftPackageReference "SDWebImage" */;
			productName = SDWebImage;
		};
		A5499E852ACFC46300E45077 /* SDWebImageMapKit */ = {
			isa = XCSwiftPackageProductDependency;
			package = A5499E822ACFC46300E45077 /* XCRemoteSwiftPackageReference "SDWebImage" */;
			productName = SDWebImageMapKit;
		};
/* End XCSwiftPackageProductDependency section */
	};
	rootObject = A5DF48432ACD290200CD3AE1 /* Project object */;
}
